<?xml version="1.0" encoding="utf-8"?>
<Project ToolsVersion="4.0" xmlns="http://schemas.microsoft.com/developer/msbuild/2003">
  <ItemGroup>
    <Filter Include="Source Files">
      <UniqueIdentifier>{8a613d19-91e5-44db-b9c8-7593b3df7781}</UniqueIdentifier>
      <Extensions>cpp;c;cxx;rc;def;r;odl;idl;hpj;bat</Extensions>
    </Filter>
    <Filter Include="Header Files">
      <UniqueIdentifier>{e7d34546-0db4-4ed9-906d-2a0ff7c07a69}</UniqueIdentifier>
    </Filter>
    <Filter Include="Resource Files">
      <UniqueIdentifier>{59220c84-6a82-44fa-8eba-6eecd00f8991}</UniqueIdentifier>
      <Extensions>ico;cur;bmp;dlg;rc2;rct;bin;rgs;gif;jpg;jpeg;jpe</Extensions>
    </Filter>
  </ItemGroup>
  <ItemGroup>
    <ClCompile Include="BroadcasterSession.cpp">
      <Filter>Source Files</Filter>
    </ClCompile>
    <ClCompile Include="BroadcastLog.cpp">
      <Filter>Source Files</Filter>
    </ClCompile>
    <ClCompile Include="..\RTSPClientLib\ClientSocket.cpp">
      <Filter>Source Files</Filter>
    </ClCompile>
    <ClCompile Include="NoRepeat.cpp">
      <Filter>Source Files</Filter>
    </ClCompile>
    <ClCompile Include="..\OSMemoryLib\OSMemory.cpp">
      <Filter>Source Files</Filter>
    </ClCompile>
    <ClCompile Include="PickerFromFile.cpp">
      <Filter>Source Files</Filter>
    </ClCompile>
    <ClCompile Include="playlist_broadcaster.cpp">
      <Filter>Source Files</Filter>
    </ClCompile>
    <ClCompile Include="playlist_elements.cpp">
      <Filter>Source Files</Filter>
    </ClCompile>
    <ClCompile Include="playlist_lists.cpp">
      <Filter>Source Files</Filter>
    </ClCompile>
    <ClCompile Include="playlist_parsers.cpp">
      <Filter>Source Files</Filter>
    </ClCompile>
    <ClCompile Include="playlist_QTRTPBroadcastFile.cpp">
      <Filter>Source Files</Filter>
    </ClCompile>
    <ClCompile Include="playlist_SDPGen.cpp">
      <Filter>Source Files</Filter>
    </ClCompile>
    <ClCompile Include="playlist_SimpleParse.cpp">
      <Filter>Source Files</Filter>
    </ClCompile>
    <ClCompile Include="playlist_utils.cpp">
      <Filter>Source Files</Filter>
    </ClCompile>
    <ClCompile Include="PlaylistBroadcaster.cpp">
      <Filter>Source Files</Filter>
    </ClCompile>
    <ClCompile Include="PlaylistPicker.cpp">
      <Filter>Source Files</Filter>
    </ClCompile>
    <ClCompile Include="PLBroadcastDef.cpp">
      <Filter>Source Files</Filter>
    </ClCompile>
    <ClCompile Include="..\CommonUtilitiesLib\QueryParamList.cpp">
      <Filter>Source Files</Filter>
    </ClCompile>
    <ClCompile Include="..\CommonUtilitiesLib\ResizeableStringFormatter.cpp">
      <Filter>Source Files</Filter>
    </ClCompile>
    <ClCompile Include="..\RTSPClientLib\RTSPClient.cpp">
      <Filter>Source Files</Filter>
    </ClCompile>
  </ItemGroup>
  <ItemGroup>
    <ClInclude Include="..\CommonUtilitiesLib\atomic.h">
      <Filter>Header Files</Filter>
    </ClInclude>
    <ClInclude Include="..\CommonUtilitiesLib\base64.h">
      <Filter>Header Files</Filter>
    </ClInclude>
    <ClInclude Include="..\..\..\Program Files\Microsoft Visual Studio\VC98\Include\BASETSD.H">
      <Filter>Header Files</Filter>
    </ClInclude>
    <ClInclude Include="BroadcasterSession.h">
      <Filter>Header Files</Filter>
    </ClInclude>
    <ClInclude Include="BroadcastLog.h">
      <Filter>Header Files</Filter>
    </ClInclude>
    <ClInclude Include="..\RTSPClientLib\ClientSocket.h">
      <Filter>Header Files</Filter>
    </ClInclude>
    <ClInclude Include="..\CommonUtilitiesLib\ConfParser.h">
      <Filter>Header Files</Filter>
    </ClInclude>
    <ClInclude Include="..\CommonUtilitiesLib\DateTranslator.h">
      <Filter>Header Files</Filter>
    </ClInclude>
    <ClInclude Include="..\CommonUtilitiesLib\ev.h">
      <Filter>Header Files</Filter>
    </ClInclude>
    <ClInclude Include="..\CommonUtilitiesLib\EventContext.h">
      <Filter>Header Files</Filter>
    </ClInclude>
    <ClInclude Include="..\CommonUtilitiesLib\FastCopyMacros.h">
      <Filter>Header Files</Filter>
    </ClInclude>
    <ClInclude Include="..\CommonUtilitiesLib\getopt.h">
      <Filter>Header Files</Filter>
    </ClInclude>
    <ClInclude Include="..\CommonUtilitiesLib\GetWord.h">
      <Filter>Header Files</Filter>
    </ClInclude>
    <ClInclude Include="..\CommonUtilitiesLib\IdleTask.h">
      <Filter>Header Files</Filter>
    </ClInclude>
    <ClInclude Include="..\CommonUtilitiesLib\md5.h">
      <Filter>Header Files</Filter>
    </ClInclude>
    <ClInclude Include="..\CommonUtilitiesLib\md5digest.h">
      <Filter>Header Files</Filter>
    </ClInclude>
    <ClInclude Include="..\CommonUtilitiesLib\MyAssert.h">
      <Filter>Header Files</Filter>
    </ClInclude>
    <ClInclude Include="NoRepeat.h">
      <Filter>Header Files</Filter>
    </ClInclude>
    <ClInclude Include="..\CommonUtilitiesLib\OS.h">
      <Filter>Header Files</Filter>
    </ClInclude>
    <ClInclude Include="..\CommonUtilitiesLib\OSArrayObjectDeleter.h">
      <Filter>Header Files</Filter>
    </ClInclude>
    <ClInclude Include="..\CommonUtilitiesLib\OSBufferPool.h">
      <Filter>Header Files</Filter>
    </ClInclude>
    <ClInclude Include="..\CommonUtilitiesLib\OSCodeFragment.h">
      <Filter>Header Files</Filter>
    </ClInclude>
    <ClInclude Include="..\CommonUtilitiesLib\OSCond.h">
      <Filter>Header Files</Filter>
    </ClInclude>
    <ClInclude Include="..\CommonUtilitiesLib\OSFileSource.h">
      <Filter>Header Files</Filter>
    </ClInclude>
    <ClInclude Include="..\CommonUtilitiesLib\OSHashTable.h">
      <Filter>Header Files</Filter>
    </ClInclude>
    <ClInclude Include="..\CommonUtilitiesLib\OSHeaders.h">
      <Filter>Header Files</Filter>
    </ClInclude>
    <ClInclude Include="..\CommonUtilitiesLib\OSHeap.h">
      <Filter>Header Files</Filter>
    </ClInclude>
    <ClInclude Include="..\CommonUtilitiesLib\OSMemory.h">
      <Filter>Header Files</Filter>
    </ClInclude>
    <ClInclude Include="..\CommonUtilitiesLib\OSMutex.h">
      <Filter>Header Files</Filter>
    </ClInclude>
    <ClInclude Include="..\CommonUtilitiesLib\OSMutexRW.h">
      <Filter>Header Files</Filter>
    </ClInclude>
    <ClInclude Include="..\CommonUtilitiesLib\OSQueue.h">
      <Filter>Header Files</Filter>
    </ClInclude>
    <ClInclude Include="..\CommonUtilitiesLib\OSRef.h">
      <Filter>Header Files</Filter>
    </ClInclude>
    <ClInclude Include="..\CommonUtilitiesLib\OSThread.h">
      <Filter>Header Files</Filter>
    </ClInclude>
    <ClInclude Include="PickerFromFile.h">
      <Filter>Header Files</Filter>
    </ClInclude>
    <ClInclude Include="..\PlatformHeader.h">
      <Filter>Header Files</Filter>
    </ClInclude>
    <ClInclude Include="playlist_array.h">
      <Filter>Header Files</Filter>
    </ClInclude>
    <ClInclude Include="playlist_broadcaster.h">
      <Filter>Header Files</Filter>
    </ClInclude>
    <ClInclude Include="playlist_elements.h">
      <Filter>Header Files</Filter>
    </ClInclude>
    <ClInclude Include="playlist_lists.h">
      <Filter>Header Files</Filter>
    </ClInclude>
    <ClInclude Include="playlist_parsers.h">
      <Filter>Header Files</Filter>
    </ClInclude>
    <ClInclude Include="playlist_QTRTPBroadcastFile.h">
      <Filter>Header Files</Filter>
    </ClInclude>
    <ClInclude Include="playlist_SDPGen.h">
      <Filter>Header Files</Filter>
    </ClInclude>
    <ClInclude Include="playlist_SimpleParse.h">
      <Filter>Header Files</Filter>
    </ClInclude>
    <ClInclude Include="playlist_utils.h">
      <Filter>Header Files</Filter>
    </ClInclude>
    <ClInclude Include="PlaylistPicker.h">
      <Filter>Header Files</Filter>
    </ClInclude>
    <ClInclude Include="PLBroadcastDef.h">
      <Filter>Header Files</Filter>
    </ClInclude>
    <ClInclude Include="..\CommonUtilitiesLib\PLDoubleLinkedList.h">
      <Filter>Header Files</Filter>
    </ClInclude>
    <ClInclude Include="..\QTFileLib\QTAtom.h">
      <Filter>Header Files</Filter>
    </ClInclude>
    <ClInclude Include="..\QTFileLib\QTAtom_dref.h">
      <Filter>Header Files</Filter>
    </ClInclude>
    <ClInclude Include="..\QTFileLib\QTAtom_elst.h">
      <Filter>Header Files</Filter>
    </ClInclude>
    <ClInclude Include="..\QTFileLib\QTAtom_hinf.h">
      <Filter>Header Files</Filter>
    </ClInclude>
    <ClInclude Include="..\QTFileLib\QTAtom_mdhd.h">
      <Filter>Header Files</Filter>
    </ClInclude>
    <ClInclude Include="..\QTFileLib\QTAtom_mvhd.h">
      <Filter>Header Files</Filter>
    </ClInclude>
    <ClInclude Include="..\QTFileLib\QTAtom_stco.h">
      <Filter>Header Files</Filter>
    </ClInclude>
    <ClInclude Include="..\QTFileLib\QTAtom_stsc.h">
      <Filter>Header Files</Filter>
    </ClInclude>
    <ClInclude Include="..\QTFileLib\QTAtom_stsd.h">
      <Filter>Header Files</Filter>
    </ClInclude>
    <ClInclude Include="..\QTFileLib\QTAtom_stss.h">
      <Filter>Header Files</Filter>
    </ClInclude>
    <ClInclude Include="..\QTFileLib\QTAtom_stsz.h">
      <Filter>Header Files</Filter>
    </ClInclude>
    <ClInclude Include="..\QTFileLib\QTAtom_stts.h">
      <Filter>Header Files</Filter>
    </ClInclude>
    <ClInclude Include="..\QTFileLib\QTAtom_tkhd.h">
      <Filter>Header Files</Filter>
    </ClInclude>
    <ClInclude Include="..\QTFileLib\QTAtom_tref.h">
      <Filter>Header Files</Filter>
    </ClInclude>
    <ClInclude Include="..\QTFileLib\QTFile.h">
      <Filter>Header Files</Filter>
    </ClInclude>
    <ClInclude Include="..\QTFileLib\QTFile_FileControlBlock.h">
      <Filter>Header Files</Filter>
    </ClInclude>
    <ClInclude Include="..\QTFileLib\QTHintTrack.h">
      <Filter>Header Files</Filter>
    </ClInclude>
    <ClInclude Include="..\QTFileLib\QTRTPFile.h">
      <Filter>Header Files</Filter>
    </ClInclude>
    <ClInclude Include="..\APIStubLib\QTSS.h">
      <Filter>Header Files</Filter>
    </ClInclude>
    <ClInclude Include="..\APICommonCode\QTSSRollingLog.h">
      <Filter>Header Files</Filter>
    </ClInclude>
    <ClInclude Include="..\APIStubLib\QTSSRTSPProtocol.h">
      <Filter>Header Files</Filter>
    </ClInclude>
    <ClInclude Include="..\QTFileLib\QTTrack.h">
      <Filter>Header Files</Filter>
    </ClInclude>
    <ClInclude Include="..\CommonUtilitiesLib\QueryParamList.h">
      <Filter>Header Files</Filter>
    </ClInclude>
    <ClInclude Include="..\CommonUtilitiesLib\ResizeableStringFormatter.h">
      <Filter>Header Files</Filter>
    </ClInclude>
    <ClInclude Include="..\revision.h">
      <Filter>Header Files</Filter>
    </ClInclude>
    <ClInclude Include="..\RTPMetaInfoLib\RTPMetaInfoPacket.h">
      <Filter>Header Files</Filter>
    </ClInclude>
    <ClInclude Include="..\RTSPClientLib\RTSPClient.h">
      <Filter>Header Files</Filter>
    </ClInclude>
    <ClInclude Include="..\CommonUtilitiesLib\SafeStdLib.h">
      <Filter>Header Files</Filter>
    </ClInclude>
    <ClInclude Include="..\APICommonCode\SDPSourceInfo.h">
      <Filter>Header Files</Filter>
    </ClInclude>
    <ClInclude Include="..\CommonUtilitiesLib\SDPUtils.h">
      <Filter>Header Files</Filter>
    </ClInclude>
    <ClInclude Include="SimplePlayListElement.h">
      <Filter>Header Files</Filter>
    </ClInclude>
    <ClInclude Include="..\CommonUtilitiesLib\Socket.h">
      <Filter>Header Files</Filter>
    </ClInclude>
    <ClInclude Include="..\CommonUtilitiesLib\SocketUtils.h">
      <Filter>Header Files</Filter>
    </ClInclude>
    <ClInclude Include="..\APICommonCode\SourceInfo.h">
      <Filter>Header Files</Filter>
    </ClInclude>
    <ClInclude Include="..\CommonUtilitiesLib\StringFormatter.h">
      <Filter>Header Files</Filter>
    </ClInclude>
    <ClInclude Include="..\CommonUtilitiesLib\StringParser.h">
      <Filter>Header Files</Filter>
    </ClInclude>
    <ClInclude Include="..\CommonUtilitiesLib\StringTranslator.h">
      <Filter>Header Files</Filter>
    </ClInclude>
    <ClInclude Include="..\CommonUtilitiesLib\StrPtrLen.h">
      <Filter>Header Files</Filter>
    </ClInclude>
    <ClInclude Include="..\CommonUtilitiesLib\Task.h">
      <Filter>Header Files</Filter>
    </ClInclude>
    <ClInclude Include="..\CommonUtilitiesLib\TCPListenerSocket.h">
      <Filter>Header Files</Filter>
    </ClInclude>
    <ClInclude Include="..\CommonUtilitiesLib\TCPSocket.h">
      <Filter>Header Files</Filter>
    </ClInclude>
    <ClInclude Include="..\CommonUtilitiesLib\TimeoutTask.h">
      <Filter>Header Files</Filter>
    </ClInclude>
    <ClInclude Include="..\CommonUtilitiesLib\Trim.h">
      <Filter>Header Files</Filter>
    </ClInclude>
    <ClInclude Include="..\CommonUtilitiesLib\UDPDemuxer.h">
      <Filter>Header Files</Filter>
    </ClInclude>
    <ClInclude Include="..\CommonUtilitiesLib\UDPSocket.h">
      <Filter>Header Files</Filter>
    </ClInclude>
    <ClInclude Include="..\CommonUtilitiesLib\UDPSocketPool.h">
      <Filter>Header Files</Filter>
    </ClInclude>
    <ClInclude Include="..\CommonUtilitiesLib\UserAgentParser.h">
      <Filter>Header Files</Filter>
    </ClInclude>
    <ClInclude Include="..\WinNTSupport\Win32header.h">
      <Filter>Header Files</Filter>
    </ClInclude>
  </ItemGroup>
  <ItemGroup>
    <Text Include="ReadMe.txt" />
  </ItemGroup>
</Project>