<?xml version="1.0" encoding="utf-8"?>
<Project ToolsVersion="4.0" xmlns="http://schemas.microsoft.com/developer/msbuild/2003">
  <ItemGroup>
    <Filter Include="Header Files">
      <UniqueIdentifier>{bb84db0b-bd30-4fff-9e88-70e9e8b5d02d}</UniqueIdentifier>
      <Extensions>h;hpp;hxx;hm;inl</Extensions>
    </Filter>
    <Filter Include="Source Files">
      <UniqueIdentifier>{c54725b9-e480-4697-a8d2-ce44a4784c6c}</UniqueIdentifier>
    </Filter>
  </ItemGroup>
  <ItemGroup>
    <ClInclude Include="..\..\..\..\Program Files\Microsoft Visual Studio\VC98\Include\BASETSD.H">
      <Filter>Header Files</Filter>
    </ClInclude>
    <ClInclude Include="..\..\CommonUtilitiesLib\DateTranslator.h">
      <Filter>Header Files</Filter>
    </ClInclude>
    <ClInclude Include="..\..\CommonUtilitiesLib\FastCopyMacros.h">
      <Filter>Header Files</Filter>
    </ClInclude>
    <ClInclude Include="..\..\CommonUtilitiesLib\MyAssert.h">
      <Filter>Header Files</Filter>
    </ClInclude>
    <ClInclude Include="..\..\CommonUtilitiesLib\OS.h">
      <Filter>Header Files</Filter>
    </ClInclude>
    <ClInclude Include="..\..\CommonUtilitiesLib\OSCond.h">
      <Filter>Header Files</Filter>
    </ClInclude>
    <ClInclude Include="..\..\CommonUtilitiesLib\OSFileSource.h">
      <Filter>Header Files</Filter>
    </ClInclude>
    <ClInclude Include="..\..\CommonUtilitiesLib\OSHeaders.h">
      <Filter>Header Files</Filter>
    </ClInclude>
    <ClInclude Include="..\..\CommonUtilitiesLib\OSMemory.h">
      <Filter>Header Files</Filter>
    </ClInclude>
    <ClInclude Include="..\..\CommonUtilitiesLib\OSMutex.h">
      <Filter>Header Files</Filter>
    </ClInclude>
    <ClInclude Include="..\..\CommonUtilitiesLib\OSQueue.h">
      <Filter>Header Files</Filter>
    </ClInclude>
    <ClInclude Include="..\..\CommonUtilitiesLib\OSThread.h">
      <Filter>Header Files</Filter>
    </ClInclude>
    <ClInclude Include="..\..\PlatformHeader.h">
      <Filter>Header Files</Filter>
    </ClInclude>
    <ClInclude Include="..\QTAtom.h">
      <Filter>Header Files</Filter>
    </ClInclude>
    <ClInclude Include="..\QTAtom_dref.h">
      <Filter>Header Files</Filter>
    </ClInclude>
    <ClInclude Include="..\QTAtom_elst.h">
      <Filter>Header Files</Filter>
    </ClInclude>
    <ClInclude Include="..\QTAtom_hinf.h">
      <Filter>Header Files</Filter>
    </ClInclude>
    <ClInclude Include="..\QTAtom_mdhd.h">
      <Filter>Header Files</Filter>
    </ClInclude>
    <ClInclude Include="..\QTAtom_mvhd.h">
      <Filter>Header Files</Filter>
    </ClInclude>
    <ClInclude Include="..\QTAtom_stco.h">
      <Filter>Header Files</Filter>
    </ClInclude>
    <ClInclude Include="..\QTAtom_stsc.h">
      <Filter>Header Files</Filter>
    </ClInclude>
    <ClInclude Include="..\QTAtom_stsd.h">
      <Filter>Header Files</Filter>
    </ClInclude>
    <ClInclude Include="..\QTAtom_stss.h">
      <Filter>Header Files</Filter>
    </ClInclude>
    <ClInclude Include="..\QTAtom_stsz.h">
      <Filter>Header Files</Filter>
    </ClInclude>
    <ClInclude Include="..\QTAtom_stts.h">
      <Filter>Header Files</Filter>
    </ClInclude>
    <ClInclude Include="..\QTAtom_tkhd.h">
      <Filter>Header Files</Filter>
    </ClInclude>
    <ClInclude Include="..\QTAtom_tref.h">
      <Filter>Header Files</Filter>
    </ClInclude>
    <ClInclude Include="..\QTFile.h">
      <Filter>Header Files</Filter>
    </ClInclude>
    <ClInclude Include="..\QTFile_FileControlBlock.h">
      <Filter>Header Files</Filter>
    </ClInclude>
    <ClInclude Include="..\QTHintTrack.h">
      <Filter>Header Files</Filter>
    </ClInclude>
    <ClInclude Include="..\QTRTPFile.h">
      <Filter>Header Files</Filter>
    </ClInclude>
    <ClInclude Include="..\QTTrack.h">
      <Filter>Header Files</Filter>
    </ClInclude>
    <ClInclude Include="..\..\revision.h">
      <Filter>Header Files</Filter>
    </ClInclude>
    <ClInclude Include="..\..\RTPMetaInfoLib\RTPMetaInfoPacket.h">
      <Filter>Header Files</Filter>
    </ClInclude>
    <ClInclude Include="..\..\CommonUtilitiesLib\StringParser.h">
      <Filter>Header Files</Filter>
    </ClInclude>
    <ClInclude Include="..\..\CommonUtilitiesLib\StrPtrLen.h">
      <Filter>Header Files</Filter>
    </ClInclude>
    <ClInclude Include="..\..\WinNTSupport\Win32header.h">
      <Filter>Header Files</Filter>
    </ClInclude>
  </ItemGroup>
  <ItemGroup>
    <ClCompile Include="..\QTAtom.cpp">
      <Filter>Source Files</Filter>
    </ClCompile>
    <ClCompile Include="..\QTAtom_dref.cpp">
      <Filter>Source Files</Filter>
    </ClCompile>
    <ClCompile Include="..\QTAtom_elst.cpp">
      <Filter>Source Files</Filter>
    </ClCompile>
    <ClCompile Include="..\QTAtom_hinf.cpp">
      <Filter>Source Files</Filter>
    </ClCompile>
    <ClCompile Include="..\QTAtom_mdhd.cpp">
      <Filter>Source Files</Filter>
    </ClCompile>
    <ClCompile Include="..\QTAtom_mvhd.cpp">
      <Filter>Source Files</Filter>
    </ClCompile>
    <ClCompile Include="..\QTAtom_stco.cpp">
      <Filter>Source Files</Filter>
    </ClCompile>
    <ClCompile Include="..\QTAtom_stsc.cpp">
      <Filter>Source Files</Filter>
    </ClCompile>
    <ClCompile Include="..\QTAtom_stsd.cpp">
      <Filter>Source Files</Filter>
    </ClCompile>
    <ClCompile Include="..\QTAtom_stss.cpp">
      <Filter>Source Files</Filter>
    </ClCompile>
    <ClCompile Include="..\QTAtom_stsz.cpp">
      <Filter>Source Files</Filter>
    </ClCompile>
    <ClCompile Include="..\QTAtom_stts.cpp">
      <Filter>Source Files</Filter>
    </ClCompile>
    <ClCompile Include="..\QTAtom_tkhd.cpp">
      <Filter>Source Files</Filter>
    </ClCompile>
    <ClCompile Include="..\QTAtom_tref.cpp">
      <Filter>Source Files</Filter>
    </ClCompile>
    <ClCompile Include="..\QTFile.cpp">
      <Filter>Source Files</Filter>
    </ClCompile>
    <ClCompile Include="..\QTFile_FileControlBlock.cpp">
      <Filter>Source Files</Filter>
    </ClCompile>
    <ClCompile Include="..\QTHintTrack.cpp">
      <Filter>Source Files</Filter>
    </ClCompile>
    <ClCompile Include="..\QTRTPFile.cpp">
      <Filter>Source Files</Filter>
    </ClCompile>
    <ClCompile Include="..\QTTrack.cpp">
      <Filter>Source Files</Filter>
    </ClCompile>
    <ClCompile Include="..\..\RTPMetaInfoLib\RTPMetaInfoPacket.cpp">
      <Filter>Source Files</Filter>
    </ClCompile>
  </ItemGroup>
</Project>