<?xml version="1.0" encoding="utf-8"?>
<Project ToolsVersion="4.0" xmlns="http://schemas.microsoft.com/developer/msbuild/2003">
  <ItemGroup>
    <Filter Include="Source Files">
      <UniqueIdentifier>{fa9ecb20-5ee6-4e55-85d4-6c3e3c7dc7ae}</UniqueIdentifier>
      <Extensions>cpp;c;cxx;rc;def;r;odl;idl;hpj;bat</Extensions>
    </Filter>
    <Filter Include="Header Files">
      <UniqueIdentifier>{da6b2aa0-a8d2-4a53-95fb-f7337e61112f}</UniqueIdentifier>
      <Extensions>h;hpp;hxx;hm;inl</Extensions>
    </Filter>
    <Filter Include="Resource Files">
      <UniqueIdentifier>{ab70ca23-f563-4ad5-930e-9fa8cca8b811}</UniqueIdentifier>
      <Extensions>ico;cur;bmp;dlg;rc2;rct;bin;rgs;gif;jpg;jpeg;jpe</Extensions>
    </Filter>
    <Filter Include="External">
      <UniqueIdentifier>{f4266d31-7f5b-4ede-a4a9-021aac4f92c2}</UniqueIdentifier>
    </Filter>
  </ItemGroup>
  <ItemGroup>
    <ClCompile Include="AdaptorModule.cpp">
      <Filter>Source Files</Filter>
    </ClCompile>
    <ClCompile Include="AdaptorModuleImp.cpp">
      <Filter>Source Files</Filter>
    </ClCompile>
    <ClCompile Include="ChanInfo.cpp">
      <Filter>Source Files</Filter>
    </ClCompile>
    <ClCompile Include="ChannelElem_4_Channel_S_map.cpp">
      <Filter>Source Files</Filter>
    </ClCompile>
    <ClCompile Include="ChannelSharedMapping.cpp">
      <Filter>Source Files</Filter>
    </ClCompile>
    <ClCompile Include="ConnectionElem.cpp">
      <Filter>Source Files</Filter>
    </ClCompile>
    <ClCompile Include="ModuleAdaptor.cpp">
      <Filter>Source Files</Filter>
    </ClCompile>
    <ClCompile Include="ModuleFunction.cpp">
      <Filter>Source Files</Filter>
    </ClCompile>
    <ClCompile Include="..\RelayServer\CommonUtilitiesLib\myPrintf.cpp">
      <Filter>Source Files</Filter>
    </ClCompile>
    <ClCompile Include="QTSSLogging.cpp">
      <Filter>Source Files</Filter>
    </ClCompile>
    <ClCompile Include="StreamPackager.cpp">
      <Filter>Source Files</Filter>
    </ClCompile>
  </ItemGroup>
  <ItemGroup>
    <ClInclude Include="AdaptorModule.h">
      <Filter>Header Files</Filter>
    </ClInclude>
    <ClInclude Include="AdaptorModuleImp.h">
      <Filter>Header Files</Filter>
    </ClInclude>
    <ClInclude Include="ChanInfo.h">
      <Filter>Header Files</Filter>
    </ClInclude>
    <ClInclude Include="ChannelElem_4_Channel_S_map.h">
      <Filter>Header Files</Filter>
    </ClInclude>
    <ClInclude Include="ChannelSharedMapping.h">
      <Filter>Header Files</Filter>
    </ClInclude>
    <ClInclude Include="ConnectionElem.h">
      <Filter>Header Files</Filter>
    </ClInclude>
    <ClInclude Include="ModuleAdaptor.h">
      <Filter>Header Files</Filter>
    </ClInclude>
    <ClInclude Include="ModuleFunction.h">
      <Filter>Header Files</Filter>
    </ClInclude>
    <ClInclude Include="QTSSLogging.h">
      <Filter>Header Files</Filter>
    </ClInclude>
    <ClInclude Include="StreamingServerFiles.h">
      <Filter>Header Files</Filter>
    </ClInclude>
    <ClInclude Include="StreamPackager.h">
      <Filter>Header Files</Filter>
    </ClInclude>
  </ItemGroup>
  <ItemGroup>
    <ResourceCompile Include="AdaptorModule.rc">
      <Filter>Resource Files</Filter>
    </ResourceCompile>
  </ItemGroup>
  <ItemGroup>
    <Text Include="ReadMe.txt" />
  </ItemGroup>
</Project>